
Microsoft Visual Studio Solution File, Format Version 12.00
# Visual Studio Version 17
VisualStudioVersion = 17.5.002.0
MinimumVisualStudioVersion = 10.0.40219.1
Project("{2150E333-8FDC-42A3-9474-1A3956D46DE8}") = "csharp-prep", "csharp-prep", "{D52EF5A2-495A-4533-9C26-E98192DEFF49}"
EndProject
Project("{9A19103F-16F7-4668-BE54-9A1E7A4F7556}") = "Prep1", "csharp-prep\Prep1\Prep1.csproj", "{948015D5-9DBD-4C17-A83B-CDFE31887B17}"
EndProject
Project("{9A19103F-16F7-4668-BE54-9A1E7A4F7556}") = "Prep2", "csharp-prep\Prep2\Prep2.csproj", "{02085884-AE75-4052-92BC-8E0A17899077}"
EndProject
Project("{9A19103F-16F7-4668-BE54-9A1E7A4F7556}") = "Prep3", "csharp-prep\Prep3\Prep3.csproj", "{C78256F1-1DC9-40F6-884F-1322428309E3}"
EndProject
Project("{9A19103F-16F7-4668-BE54-9A1E7A4F7556}") = "Prep4", "csharp-prep\Prep4\Prep4.csproj", "{D7972490-9132-46EE-9DD1-215953B2B9AC}"
EndProject
Project("{9A19103F-16F7-4668-BE54-9A1E7A4F7556}") = "Prep5", "csharp-prep\Prep5\Prep5.csproj", "{6BD88855-DE1A-4CA4-A16B-649083DAFB71}"
EndProject
Project("{2150E333-8FDC-42A3-9474-1A3956D46DE8}") = "final", "final", "{DFB96AFB-6D24-4002-B67A-327D563EEC13}"
EndProject
Project("{9A19103F-16F7-4668-BE54-9A1E7A4F7556}") = "FinalProject", "final\FinalProject\FinalProject.csproj", "{7805A6D3-4E07-4CB8-8302-DA34C1664D0A}"
EndProject
Project("{9A19103F-16F7-4668-BE54-9A1E7A4F7556}") = "Foundation1", "final\Foundation1\Foundation1.csproj", "{183E503E-9B04-420E-99C6-E6EB3B9D94AC}"
EndProject
Project("{9A19103F-16F7-4668-BE54-9A1E7A4F7556}") = "Foundation2", "final\Foundation2\Foundation2.csproj", "{48AD0769-7F74-41DC-B692-5C083279AC1C}"
EndProject
Project("{9A19103F-16F7-4668-BE54-9A1E7A4F7556}") = "Foundation3", "final\Foundation3\Foundation3.csproj", "{C6407AA8-29DA-46F4-9E7D-D7894F76E4B1}"
EndProject
Project("{9A19103F-16F7-4668-BE54-9A1E7A4F7556}") = "Foundation4", "final\Foundation4\Foundation4.csproj", "{C0F89920-1DB9-41BA-8FB2-2DA66728F706}"
EndProject
Project("{2150E333-8FDC-42A3-9474-1A3956D46DE8}") = "prepare", "prepare", "{531B36B8-E7C3-43AE-8089-8064B9AB1207}"
EndProject
Project("{9A19103F-16F7-4668-BE54-9A1E7A4F7556}") = "Learning02", "prepare\Learning02\Learning02.csproj", "{A5FE3EFE-239B-49A6-ACD4-3905F49264D3}"
EndProject
Project("{9A19103F-16F7-4668-BE54-9A1E7A4F7556}") = "Learning03", "prepare\Learning03\Learning03.csproj", "{C816C0C9-1436-4AEE-B314-FA6E021F77EF}"
EndProject
Project("{9A19103F-16F7-4668-BE54-9A1E7A4F7556}") = "Learning04", "prepare\Learning04\Learning04.csproj", "{983ABBCC-D6F2-4467-9718-367467CD8B85}"
EndProject
Project("{9A19103F-16F7-4668-BE54-9A1E7A4F7556}") = "Learning05", "prepare\Learning05\Learning05.csproj", "{A66EF5B6-D47C-417F-A4DC-C429B9CED931}"
EndProject
Project("{2150E333-8FDC-42A3-9474-1A3956D46DE8}") = "prove", "prove", "{E5011F63-6544-4E0C-9D64-E2BBAE2E0BAE}"
EndProject
Project("{9A19103F-16F7-4668-BE54-9A1E7A4F7556}") = "Develop02", "prove\Develop02\Develop02.csproj", "{C5C4298E-3370-48A5-B107-510D04C1DE49}"
EndProject
Project("{9A19103F-16F7-4668-BE54-9A1E7A4F7556}") = "Develop03", "prove\Develop03\Develop03.csproj", "{CF5C6AF0-7281-444D-8B96-9F7614DC442F}"
EndProject
Project("{9A19103F-16F7-4668-BE54-9A1E7A4F7556}") = "Develop04", "prove\Develop04\Develop04.csproj", "{7D03BAAD-7FF1-45D3-B017-720E330C5767}"
EndProject
Project("{9A19103F-16F7-4668-BE54-9A1E7A4F7556}") = "Develop05", "prove\Develop05\Develop05.csproj", "{44D19439-8B45-4D85-B04D-7AC56C65DDC7}"
EndProject
Project("{2150E333-8FDC-42A3-9474-1A3956D46DE8}") = "sandbox", "sandbox", "{7DF1D0B6-CB76-4642-87D0-179B80D3D0A6}"
EndProject
Project("{9A19103F-16F7-4668-BE54-9A1E7A4F7556}") = "Sandbox", "sandbox\Sandbox\Sandbox.csproj", "{58E7BA83-B5D0-4F78-BEED-3D47BBF2D4B6}"
EndProject
Global
	GlobalSection(SolutionConfigurationPlatforms) = preSolution
		Debug|Any CPU = Debug|Any CPU
		Release|Any CPU = Release|Any CPU
	EndGlobalSection
	GlobalSection(ProjectConfigurationPlatforms) = postSolution
		{948015D5-9DBD-4C17-A83B-CDFE31887B17}.Debug|Any CPU.ActiveCfg = Debug|Any CPU
		{948015D5-9DBD-4C17-A83B-CDFE31887B17}.Debug|Any CPU.Build.0 = Debug|Any CPU
		{948015D5-9DBD-4C17-A83B-CDFE31887B17}.Release|Any CPU.ActiveCfg = Release|Any CPU
		{948015D5-9DBD-4C17-A83B-CDFE31887B17}.Release|Any CPU.Build.0 = Release|Any CPU
		{02085884-AE75-4052-92BC-8E0A17899077}.Debug|Any CPU.ActiveCfg = Debug|Any CPU
		{02085884-AE75-4052-92BC-8E0A17899077}.Debug|Any CPU.Build.0 = Debug|Any CPU
		{02085884-AE75-4052-92BC-8E0A17899077}.Release|Any CPU.ActiveCfg = Release|Any CPU
		{02085884-AE75-4052-92BC-8E0A17899077}.Release|Any CPU.Build.0 = Release|Any CPU
		{C78256F1-1DC9-40F6-884F-1322428309E3}.Debug|Any CPU.ActiveCfg = Debug|Any CPU
		{C78256F1-1DC9-40F6-884F-1322428309E3}.Debug|Any CPU.Build.0 = Debug|Any CPU
		{C78256F1-1DC9-40F6-884F-1322428309E3}.Release|Any CPU.ActiveCfg = Release|Any CPU
		{C78256F1-1DC9-40F6-884F-1322428309E3}.Release|Any CPU.Build.0 = Release|Any CPU
		{D7972490-9132-46EE-9DD1-215953B2B9AC}.Debug|Any CPU.ActiveCfg = Debug|Any CPU
		{D7972490-9132-46EE-9DD1-215953B2B9AC}.Debug|Any CPU.Build.0 = Debug|Any CPU
		{D7972490-9132-46EE-9DD1-215953B2B9AC}.Release|Any CPU.ActiveCfg = Release|Any CPU
		{D7972490-9132-46EE-9DD1-215953B2B9AC}.Release|Any CPU.Build.0 = Release|Any CPU
		{6BD88855-DE1A-4CA4-A16B-649083DAFB71}.Debug|Any CPU.ActiveCfg = Debug|Any CPU
		{6BD88855-DE1A-4CA4-A16B-649083DAFB71}.Debug|Any CPU.Build.0 = Debug|Any CPU
		{6BD88855-DE1A-4CA4-A16B-649083DAFB71}.Release|Any CPU.ActiveCfg = Release|Any CPU
		{6BD88855-DE1A-4CA4-A16B-649083DAFB71}.Release|Any CPU.Build.0 = Release|Any CPU
		{7805A6D3-4E07-4CB8-8302-DA34C1664D0A}.Debug|Any CPU.ActiveCfg = Debug|Any CPU
		{7805A6D3-4E07-4CB8-8302-DA34C1664D0A}.Debug|Any CPU.Build.0 = Debug|Any CPU
		{7805A6D3-4E07-4CB8-8302-DA34C1664D0A}.Release|Any CPU.ActiveCfg = Release|Any CPU
		{7805A6D3-4E07-4CB8-8302-DA34C1664D0A}.Release|Any CPU.Build.0 = Release|Any CPU
		{183E503E-9B04-420E-99C6-E6EB3B9D94AC}.Debug|Any CPU.ActiveCfg = Debug|Any CPU
		{183E503E-9B04-420E-99C6-E6EB3B9D94AC}.Debug|Any CPU.Build.0 = Debug|Any CPU
		{183E503E-9B04-420E-99C6-E6EB3B9D94AC}.Release|Any CPU.ActiveCfg = Release|Any CPU
		{183E503E-9B04-420E-99C6-E6EB3B9D94AC}.Release|Any CPU.Build.0 = Release|Any CPU
		{48AD0769-7F74-41DC-B692-5C083279AC1C}.Debug|Any CPU.ActiveCfg = Debug|Any CPU
		{48AD0769-7F74-41DC-B692-5C083279AC1C}.Debug|Any CPU.Build.0 = Debug|Any CPU
		{48AD0769-7F74-41DC-B692-5C083279AC1C}.Release|Any CPU.ActiveCfg = Release|Any CPU
		{48AD0769-7F74-41DC-B692-5C083279AC1C}.Release|Any CPU.Build.0 = Release|Any CPU
		{C6407AA8-29DA-46F4-9E7D-D7894F76E4B1}.Debug|Any CPU.ActiveCfg = Debug|Any CPU
		{C6407AA8-29DA-46F4-9E7D-D7894F76E4B1}.Debug|Any CPU.Build.0 = Debug|Any CPU
		{C6407AA8-29DA-46F4-9E7D-D7894F76E4B1}.Release|Any CPU.ActiveCfg = Release|Any CPU
		{C6407AA8-29DA-46F4-9E7D-D7894F76E4B1}.Release|Any CPU.Build.0 = Release|Any CPU
		{C0F89920-1DB9-41BA-8FB2-2DA66728F706}.Debug|Any CPU.ActiveCfg = Debug|Any CPU
		{C0F89920-1DB9-41BA-8FB2-2DA66728F706}.Debug|Any CPU.Build.0 = Debug|Any CPU
		{C0F89920-1DB9-41BA-8FB2-2DA66728F706}.Release|Any CPU.ActiveCfg = Release|Any CPU
		{C0F89920-1DB9-41BA-8FB2-2DA66728F706}.Release|Any CPU.Build.0 = Release|Any CPU
		{A5FE3EFE-239B-49A6-ACD4-3905F49264D3}.Debug|Any CPU.ActiveCfg = Debug|Any CPU
		{A5FE3EFE-239B-49A6-ACD4-3905F49264D3}.Debug|Any CPU.Build.0 = Debug|Any CPU
		{A5FE3EFE-239B-49A6-ACD4-3905F49264D3}.Release|Any CPU.ActiveCfg = Release|Any CPU
		{A5FE3EFE-239B-49A6-ACD4-3905F49264D3}.Release|Any CPU.Build.0 = Release|Any CPU
		{C816C0C9-1436-4AEE-B314-FA6E021F77EF}.Debug|Any CPU.ActiveCfg = Debug|Any CPU
		{C816C0C9-1436-4AEE-B314-FA6E021F77EF}.Debug|Any CPU.Build.0 = Debug|Any CPU
		{C816C0C9-1436-4AEE-B314-FA6E021F77EF}.Release|Any CPU.ActiveCfg = Release|Any CPU
		{C816C0C9-1436-4AEE-B314-FA6E021F77EF}.Release|Any CPU.Build.0 = Release|Any CPU
		{983ABBCC-D6F2-4467-9718-367467CD8B85}.Debug|Any CPU.ActiveCfg = Debug|Any CPU
		{983ABBCC-D6F2-4467-9718-367467CD8B85}.Debug|Any CPU.Build.0 = Debug|Any CPU
		{983ABBCC-D6F2-4467-9718-367467CD8B85}.Release|Any CPU.ActiveCfg = Release|Any CPU
		{983ABBCC-D6F2-4467-9718-367467CD8B85}.Release|Any CPU.Build.0 = Release|Any CPU
		{A66EF5B6-D47C-417F-A4DC-C429B9CED931}.Debug|Any CPU.ActiveCfg = Debug|Any CPU
		{A66EF5B6-D47C-417F-A4DC-C429B9CED931}.Debug|Any CPU.Build.0 = Debug|Any CPU
		{A66EF5B6-D47C-417F-A4DC-C429B9CED931}.Release|Any CPU.ActiveCfg = Release|Any CPU
		{A66EF5B6-D47C-417F-A4DC-C429B9CED931}.Release|Any CPU.Build.0 = Release|Any CPU
		{C5C4298E-3370-48A5-B107-510D04C1DE49}.Debug|Any CPU.ActiveCfg = Debug|Any CPU
		{C5C4298E-3370-48A5-B107-510D04C1DE49}.Debug|Any CPU.Build.0 = Debug|Any CPU
		{C5C4298E-3370-48A5-B107-510D04C1DE49}.Release|Any CPU.ActiveCfg = Release|Any CPU
		{C5C4298E-3370-48A5-B107-510D04C1DE49}.Release|Any CPU.Build.0 = Release|Any CPU
		{CF5C6AF0-7281-444D-8B96-9F7614DC442F}.Debug|Any CPU.ActiveCfg = Debug|Any CPU
		{CF5C6AF0-7281-444D-8B96-9F7614DC442F}.Debug|Any CPU.Build.0 = Debug|Any CPU
		{CF5C6AF0-7281-444D-8B96-9F7614DC442F}.Release|Any CPU.ActiveCfg = Release|Any CPU
		{CF5C6AF0-7281-444D-8B96-9F7614DC442F}.Release|Any CPU.Build.0 = Release|Any CPU
		{7D03BAAD-7FF1-45D3-B017-720E330C5767}.Debug|Any CPU.ActiveCfg = Debug|Any CPU
		{7D03BAAD-7FF1-45D3-B017-720E330C5767}.Debug|Any CPU.Build.0 = Debug|Any CPU
		{7D03BAAD-7FF1-45D3-B017-720E330C5767}.Release|Any CPU.ActiveCfg = Release|Any CPU
		{7D03BAAD-7FF1-45D3-B017-720E330C5767}.Release|Any CPU.Build.0 = Release|Any CPU
		{44D19439-8B45-4D85-B04D-7AC56C65DDC7}.Debug|Any CPU.ActiveCfg = Debug|Any CPU
		{44D19439-8B45-4D85-B04D-7AC56C65DDC7}.Debug|Any CPU.Build.0 = Debug|Any CPU
		{44D19439-8B45-4D85-B04D-7AC56C65DDC7}.Release|Any CPU.ActiveCfg = Release|Any CPU
		{44D19439-8B45-4D85-B04D-7AC56C65DDC7}.Release|Any CPU.Build.0 = Release|Any CPU
		{58E7BA83-B5D0-4F78-BEED-3D47BBF2D4B6}.Debug|Any CPU.ActiveCfg = Debug|Any CPU
		{58E7BA83-B5D0-4F78-BEED-3D47BBF2D4B6}.Debug|Any CPU.Build.0 = Debug|Any CPU
		{58E7BA83-B5D0-4F78-BEED-3D47BBF2D4B6}.Release|Any CPU.ActiveCfg = Release|Any CPU
		{58E7BA83-B5D0-4F78-BEED-3D47BBF2D4B6}.Release|Any CPU.Build.0 = Release|Any CPU
	EndGlobalSection
	GlobalSection(SolutionProperties) = preSolution
		HideSolutionNode = FALSE
	EndGlobalSection
	GlobalSection(NestedProjects) = preSolution
		{948015D5-9DBD-4C17-A83B-CDFE31887B17} = {D52EF5A2-495A-4533-9C26-E98192DEFF49}
		{02085884-AE75-4052-92BC-8E0A17899077} = {D52EF5A2-495A-4533-9C26-E98192DEFF49}
		{C78256F1-1DC9-40F6-884F-1322428309E3} = {D52EF5A2-495A-4533-9C26-E98192DEFF49}
		{D7972490-9132-46EE-9DD1-215953B2B9AC} = {D52EF5A2-495A-4533-9C26-E98192DEFF49}
		{6BD88855-DE1A-4CA4-A16B-649083DAFB71} = {D52EF5A2-495A-4533-9C26-E98192DEFF49}
		{7805A6D3-4E07-4CB8-8302-DA34C1664D0A} = {DFB96AFB-6D24-4002-B67A-327D563EEC13}
		{183E503E-9B04-420E-99C6-E6EB3B9D94AC} = {DFB96AFB-6D24-4002-B67A-327D563EEC13}
		{48AD0769-7F74-41DC-B692-5C083279AC1C} = {DFB96AFB-6D24-4002-B67A-327D563EEC13}
		{C6407AA8-29DA-46F4-9E7D-D7894F76E4B1} = {DFB96AFB-6D24-4002-B67A-327D563EEC13}
		{C0F89920-1DB9-41BA-8FB2-2DA66728F706} = {DFB96AFB-6D24-4002-B67A-327D563EEC13}
		{A5FE3EFE-239B-49A6-ACD4-3905F49264D3} = {531B36B8-E7C3-43AE-8089-8064B9AB1207}
		{C816C0C9-1436-4AEE-B314-FA6E021F77EF} = {531B36B8-E7C3-43AE-8089-8064B9AB1207}
		{983ABBCC-D6F2-4467-9718-367467CD8B85} = {531B36B8-E7C3-43AE-8089-8064B9AB1207}
		{A66EF5B6-D47C-417F-A4DC-C429B9CED931} = {531B36B8-E7C3-43AE-8089-8064B9AB1207}
		{C5C4298E-3370-48A5-B107-510D04C1DE49} = {E5011F63-6544-4E0C-9D64-E2BBAE2E0BAE}
		{CF5C6AF0-7281-444D-8B96-9F7614DC442F} = {E5011F63-6544-4E0C-9D64-E2BBAE2E0BAE}
		{7D03BAAD-7FF1-45D3-B017-720E330C5767} = {E5011F63-6544-4E0C-9D64-E2BBAE2E0BAE}
		{44D19439-8B45-4D85-B04D-7AC56C65DDC7} = {E5011F63-6544-4E0C-9D64-E2BBAE2E0BAE}
		{58E7BA83-B5D0-4F78-BEED-3D47BBF2D4B6} = {7DF1D0B6-CB76-4642-87D0-179B80D3D0A6}
	EndGlobalSection
	GlobalSection(ExtensibilityGlobals) = postSolution
		SolutionGuid = {76C2CCDF-574D-474C-A21A-25B2130B49F5}
	EndGlobalSection
EndGlobal
